
Microsoft Visual Studio Solution File, Format Version 12.00
# Visual Studio Version 16
VisualStudioVersion = 16.0.32413.511
MinimumVisualStudioVersion = 10.0.40219.1
Project("{FAE04EC0-301F-11D3-BF4B-00C04F79EFBC}") = "JSFW.VS.Extensibility2019.VariableUsingView", "JSFW.VS.Extensibility2019.VariableUsingView\JSFW.VS.Extensibility2019.VariableUsingView.csproj", "{7BFF2D40-72DE-49EB-B3F7-799F4950EE5B}"
EndProject
Global
	GlobalSection(SolutionConfigurationPlatforms) = preSolution
		Debug|Any CPU = Debug|Any CPU
		Release|Any CPU = Release|Any CPU
	EndGlobalSection
	GlobalSection(ProjectConfigurationPlatforms) = postSolution
		{7BFF2D40-72DE-49EB-B3F7-799F4950EE5B}.Debug|Any CPU.ActiveCfg = Debug|Any CPU
		{7BFF2D40-72DE-49EB-B3F7-799F4950EE5B}.Debug|Any CPU.Build.0 = Debug|Any CPU
		{7BFF2D40-72DE-49EB-B3F7-799F4950EE5B}.Release|Any CPU.ActiveCfg = Release|Any CPU
		{7BFF2D40-72DE-49EB-B3F7-799F4950EE5B}.Release|Any CPU.Build.0 = Release|Any CPU
	EndGlobalSection
	GlobalSection(SolutionProperties) = preSolution
		HideSolutionNode = FALSE
	EndGlobalSection
	GlobalSection(ExtensibilityGlobals) = postSolution
		SolutionGuid = {CB74A982-A086-471D-8F50-B63B84CBCA3F}
	EndGlobalSection
EndGlobal
